<?xml version="1.0" encoding="utf-8"?>
<Project ToolsVersion="4.0" xmlns="http://schemas.microsoft.com/developer/msbuild/2003">
  <ItemGroup>
    <ClCompile Include="Util\ExePath.cpp">
      <Filter>Util</Filter>
    </ClCompile>
    <ClCompile Include="Util\FileLogger.cpp">
      <Filter>Util</Filter>
    </ClCompile>
    <ClCompile Include="main.cpp">
      <Filter>Main</Filter>
    </ClCompile>
    <ClCompile Include="Scripting\enums.cpp">
      <Filter>Scripting</Filter>
    </ClCompile>
    <ClCompile Include="Natives\natives2.cpp">
      <Filter>Natives</Filter>
    </ClCompile>
    <ClCompile Include="Scripting\DxHookIMG.cpp">
      <Filter>Scripting\Classes</Filter>
    </ClCompile>
    <ClCompile Include="Scripting\Game.cpp">
      <Filter>Scripting</Filter>
    </ClCompile>
    <ClCompile Include="Scripting\GTAentity.cpp">
      <Filter>Scripting\Classes</Filter>
    </ClCompile>
    <ClCompile Include="Scripting\GTAvehicle.cpp">
      <Filter>Scripting\Classes</Filter>
    </ClCompile>
    <ClCompile Include="Scripting\Model.cpp">
      <Filter>Scripting\Classes</Filter>
    </ClCompile>
    <ClCompile Include="Scripting\Raycast.cpp">
      <Filter>Scripting\Classes</Filter>
    </ClCompile>
    <ClCompile Include="Scripting\Scaleform.cpp">
      <Filter>Scripting\Classes</Filter>
    </ClCompile>
    <ClCompile Include="Menu\Menu.cpp">
      <Filter>Menu</Filter>
    </ClCompile>
    <ClCompile Include="Util\GTAmath.cpp">
      <Filter>Util</Filter>
    </ClCompile>
    <ClCompile Include="Util\keyboard.cpp">
      <Filter>Util</Filter>
    </ClCompile>
    <ClCompile Include="Memory\GTAmemory.cpp">
      <Filter>Memory</Filter>
    </ClCompile>
    <ClCompile Include="Menu\Routine.cpp">
      <Filter>Menu</Filter>
    </ClCompile>
    <ClCompile Include="Menu\submenu_switch.cpp">
      <Filter>Menu</Filter>
    </ClCompile>
    <ClCompile Include="Submenus\MainMenu.cpp">
      <Filter>Submenus</Filter>
    </ClCompile>
    <ClCompile Include="Util\StringManip.cpp">
      <Filter>Util</Filter>
    </ClCompile>
    <ClCompile Include="Submenus\MiscOptions.cpp">
      <Filter>Submenus\Misc</Filter>
    </ClCompile>
    <ClCompile Include="..\external\pugixml\src\pugixml.cpp">
      <Filter>_external</Filter>
    </ClCompile>
  </ItemGroup>
  <ItemGroup>
    <ClInclude Include="Util\ExePath.h">
      <Filter>Util</Filter>
    </ClInclude>
    <ClInclude Include="Util\FileLogger.h">
      <Filter>Util</Filter>
    </ClInclude>
    <ClInclude Include="main.h">
      <Filter>Main</Filter>
    </ClInclude>
    <ClInclude Include="Scripting\enums.h">
      <Filter>Scripting</Filter>
    </ClInclude>
    <ClInclude Include="Natives\natives2.h">
      <Filter>Natives</Filter>
    </ClInclude>
    <ClInclude Include="Natives\natives.h">
      <Filter>Natives</Filter>
    </ClInclude>
    <ClInclude Include="Natives\types.h">
      <Filter>Natives</Filter>
    </ClInclude>
    <ClInclude Include="Scripting\DxHookIMG.h">
      <Filter>Scripting\Classes</Filter>
    </ClInclude>
    <ClInclude Include="Scripting\Game.h">
      <Filter>Scripting</Filter>
    </ClInclude>
    <ClInclude Include="Scripting\GTAentity.h">
      <Filter>Scripting\Classes</Filter>
    </ClInclude>
    <ClInclude Include="Scripting\GTAvehicle.h">
      <Filter>Scripting\Classes</Filter>
    </ClInclude>
    <ClInclude Include="Scripting\Model.h">
      <Filter>Scripting\Classes</Filter>
    </ClInclude>
    <ClInclude Include="Scripting\Raycast.h">
      <Filter>Scripting\Classes</Filter>
    </ClInclude>
    <ClInclude Include="Scripting\Scaleform.h">
      <Filter>Scripting\Classes</Filter>
    </ClInclude>
    <ClInclude Include="Natives\nativeCaller.h">
      <Filter>Natives</Filter>
    </ClInclude>
    <ClInclude Include="Menu\Menu.h">
      <Filter>Menu</Filter>
    </ClInclude>
    <ClInclude Include="Util\GTAmath.h">
      <Filter>Util</Filter>
    </ClInclude>
    <ClInclude Include="macros.h" />
    <ClInclude Include="Util\keyboard.h">
      <Filter>Util</Filter>
    </ClInclude>
    <ClInclude Include="Memory\GTAmemory.h">
      <Filter>Memory</Filter>
    </ClInclude>
    <ClInclude Include="Menu\Routine.h">
      <Filter>Menu</Filter>
    </ClInclude>
    <ClInclude Include="Menu\submenu_switch.h">
      <Filter>Menu</Filter>
    </ClInclude>
    <ClInclude Include="Submenus\MainMenu.h">
      <Filter>Submenus</Filter>
    </ClInclude>
    <ClInclude Include="Menu\submenu_enum.h">
      <Filter>Menu</Filter>
    </ClInclude>
    <ClInclude Include="Util\StringManip.h">
      <Filter>Util</Filter>
    </ClInclude>
    <ClInclude Include="Submenus\MiscOptions.h">
      <Filter>Submenus\Misc</Filter>
    </ClInclude>
    <ClInclude Include="..\external\pugixml\src\pugixml.hpp">
      <Filter>_external</Filter>
    </ClInclude>
    <ClInclude Include="..\external\pugixml\src\pugiconfig.hpp">
      <Filter>_external</Filter>
    </ClInclude>
  </ItemGroup>
  <ItemGroup>
    <Filter Include="Submenus">
      <UniqueIdentifier>{f3ec55eb-a310-46b0-877d-7de6a9a3a3c5}</UniqueIdentifier>
    </Filter>
    <Filter Include="Main">
      <UniqueIdentifier>{623a2852-1393-49a6-a0f6-1009db492236}</UniqueIdentifier>
    </Filter>
    <Filter Include="Scripting">
      <UniqueIdentifier>{93797b03-e919-416d-9a52-95041d286b89}</UniqueIdentifier>
    </Filter>
    <Filter Include="Natives">
      <UniqueIdentifier>{8b81bd74-874c-4207-84b9-87fa7282ee63}</UniqueIdentifier>
    </Filter>
    <Filter Include="Scripting\Classes">
      <UniqueIdentifier>{a54d0e50-8e38-47e5-8495-23be1f4461f3}</UniqueIdentifier>
    </Filter>
    <Filter Include="Menu">
      <UniqueIdentifier>{682bcf0e-71d7-4d08-88a2-bfd87fcca825}</UniqueIdentifier>
    </Filter>
    <Filter Include="Util">
      <UniqueIdentifier>{210335ae-d80e-447a-87e4-919ce01e9e22}</UniqueIdentifier>
    </Filter>
    <Filter Include="Memory">
      <UniqueIdentifier>{ce457d27-1694-45c1-8cad-1c1dca1873e1}</UniqueIdentifier>
    </Filter>
    <Filter Include="Submenus\Misc">
      <UniqueIdentifier>{76d54968-6e9f-4bff-af0e-d8f180fa8c04}</UniqueIdentifier>
    </Filter>
    <Filter Include="_external">
      <UniqueIdentifier>{a78b4725-1807-4c82-90fb-f13301a71b84}</UniqueIdentifier>
    </Filter>
  </ItemGroup>
  <ItemGroup>
    <ResourceCompile Include="Menyoo.rc" />
  </ItemGroup>
</Project>
